
Microsoft Visual Studio Solution File, Format Version 11.00
# Visual Studio 2010
Project("{FAE04EC0-301F-11D3-BF4B-00C04F79EFBC}") = "Assembly-CSharp", "Assembly-CSharp.csproj", "{73E2580E-CABC-5A55-13F2-65AFF06B3517}"
EndProject
Project("{FAE04EC0-301F-11D3-BF4B-00C04F79EFBC}") = "NavMeshComponents", "NavMeshComponents.csproj", "{A13D0955-2E5F-A888-B858-767C6BD1C49C}"
EndProject
Project("{FAE04EC0-301F-11D3-BF4B-00C04F79EFBC}") = "NavMeshComponentsEditor", "NavMeshComponentsEditor.csproj", "{7C8DC7A7-875E-C1B1-F5B6-F0990CF771E8}"
EndProject
Global
	GlobalSection(SolutionConfigurationPlatforms) = preSolution
		Debug|Any CPU = Debug|Any CPU
		Release|Any CPU = Release|Any CPU
	EndGlobalSection
	GlobalSection(ProjectConfigurationPlatforms) = postSolution
		{73E2580E-CABC-5A55-13F2-65AFF06B3517}.Debug|Any CPU.ActiveCfg = Debug|Any CPU
		{73E2580E-CABC-5A55-13F2-65AFF06B3517}.Debug|Any CPU.Build.0 = Debug|Any CPU
		{73E2580E-CABC-5A55-13F2-65AFF06B3517}.Release|Any CPU.ActiveCfg = Release|Any CPU
		{73E2580E-CABC-5A55-13F2-65AFF06B3517}.Release|Any CPU.Build.0 = Release|Any CPU
		{A13D0955-2E5F-A888-B858-767C6BD1C49C}.Debug|Any CPU.ActiveCfg = Debug|Any CPU
		{A13D0955-2E5F-A888-B858-767C6BD1C49C}.Debug|Any CPU.Build.0 = Debug|Any CPU
		{A13D0955-2E5F-A888-B858-767C6BD1C49C}.Release|Any CPU.ActiveCfg = Release|Any CPU
		{A13D0955-2E5F-A888-B858-767C6BD1C49C}.Release|Any CPU.Build.0 = Release|Any CPU
		{7C8DC7A7-875E-C1B1-F5B6-F0990CF771E8}.Debug|Any CPU.ActiveCfg = Debug|Any CPU
		{7C8DC7A7-875E-C1B1-F5B6-F0990CF771E8}.Debug|Any CPU.Build.0 = Debug|Any CPU
		{7C8DC7A7-875E-C1B1-F5B6-F0990CF771E8}.Release|Any CPU.ActiveCfg = Release|Any CPU
		{7C8DC7A7-875E-C1B1-F5B6-F0990CF771E8}.Release|Any CPU.Build.0 = Release|Any CPU
	EndGlobalSection
	GlobalSection(SolutionProperties) = preSolution
		HideSolutionNode = FALSE
	EndGlobalSection
EndGlobal
